
Microsoft Visual Studio Solution File, Format Version 12.00
# Visual Studio Version 17
VisualStudioVersion = 17.5.33424.131
MinimumVisualStudioVersion = 10.0.40219.1
Project("{9A19103F-16F7-4668-BE54-9A1E7A4F7556}") = "MobileApplicationsList", "MobileApplicationsList\MobileApplicationsList.csproj", "{EC8DC2E2-9F6F-4FA2-8C76-F12C884A6C77}"
EndProject
Project("{FAE04EC0-301F-11D3-BF4B-00C04F79EFBC}") = "MobileApplicationListTest", "MobileApplicationListTest\MobileApplicationListTest.csproj", "{BAC6F68D-884C-43B1-94DA-0B8F2B02F9DA}"
EndProject
Global
	GlobalSection(SolutionConfigurationPlatforms) = preSolution
		Debug|Any CPU = Debug|Any CPU
		Release|Any CPU = Release|Any CPU
	EndGlobalSection
	GlobalSection(ProjectConfigurationPlatforms) = postSolution
		{EC8DC2E2-9F6F-4FA2-8C76-F12C884A6C77}.Debug|Any CPU.ActiveCfg = Debug|Any CPU
		{EC8DC2E2-9F6F-4FA2-8C76-F12C884A6C77}.Debug|Any CPU.Build.0 = Debug|Any CPU
		{EC8DC2E2-9F6F-4FA2-8C76-F12C884A6C77}.Release|Any CPU.ActiveCfg = Release|Any CPU
		{EC8DC2E2-9F6F-4FA2-8C76-F12C884A6C77}.Release|Any CPU.Build.0 = Release|Any CPU
		{BAC6F68D-884C-43B1-94DA-0B8F2B02F9DA}.Debug|Any CPU.ActiveCfg = Debug|Any CPU
		{BAC6F68D-884C-43B1-94DA-0B8F2B02F9DA}.Debug|Any CPU.Build.0 = Debug|Any CPU
		{BAC6F68D-884C-43B1-94DA-0B8F2B02F9DA}.Release|Any CPU.ActiveCfg = Release|Any CPU
		{BAC6F68D-884C-43B1-94DA-0B8F2B02F9DA}.Release|Any CPU.Build.0 = Release|Any CPU
	EndGlobalSection
	GlobalSection(SolutionProperties) = preSolution
		HideSolutionNode = FALSE
	EndGlobalSection
	GlobalSection(ExtensibilityGlobals) = postSolution
		SolutionGuid = {BC7B42A5-2FE3-4C9D-B5B7-8F08DE9F0A0B}
	EndGlobalSection
EndGlobal
